
Microsoft Visual Studio Solution File, Format Version 12.00
# Visual Studio Version 17
VisualStudioVersion = 17.7.34024.191
MinimumVisualStudioVersion = 10.0.40219.1
Project("{9A19103F-16F7-4668-BE54-9A1E7A4F7556}") = "ToFolder", "src\ToFolder.csproj", "{C4E24E94-0598-4283-BEBD-56A2B4631787}"
EndProject
Global
	GlobalSection(SolutionConfigurationPlatforms) = preSolution
		Debug|Any CPU = Debug|Any CPU
		Release|Any CPU = Release|Any CPU
	EndGlobalSection
	GlobalSection(ProjectConfigurationPlatforms) = postSolution
		{C4E24E94-0598-4283-BEBD-56A2B4631787}.Debug|Any CPU.ActiveCfg = Debug|Any CPU
		{C4E24E94-0598-4283-BEBD-56A2B4631787}.Debug|Any CPU.Build.0 = Debug|Any CPU
		{C4E24E94-0598-4283-BEBD-56A2B4631787}.Release|Any CPU.ActiveCfg = Release|Any CPU
		{C4E24E94-0598-4283-BEBD-56A2B4631787}.Release|Any CPU.Build.0 = Release|Any CPU
	EndGlobalSection
	GlobalSection(SolutionProperties) = preSolution
		HideSolutionNode = FALSE
	EndGlobalSection
	GlobalSection(ExtensibilityGlobals) = postSolution
		SolutionGuid = {9EE9422B-1C90-4394-9E04-4BED862013B2}
	EndGlobalSection
EndGlobal
